// !$*UTF8*$!
{
	archiveVersion = 1;
	classes = {
	};
	objectVersion = 56;
	objects = {

/* Begin PBXBuildFile section */
		A15034CB290304AA00F5A514 /* main.cpp in Sources */ = {isa = PBXBuildFile; fileRef = A15034CA290304AA00F5A514 /* main.cpp */; };
		A15034D22903053200F5A514 /* stack.cpp in Sources */ = {isa = PBXBuildFile; fileRef = A15034D12903053200F5A514 /* stack.cpp */; };
		A197062E2938AC5C00D1846A /* main.cpp in Sources */ = {isa = PBXBuildFile; fileRef = A197062D2938AC5C00D1846A /* main.cpp */; };
		A19706332938AD3800D1846A /* tests.cpp in Sources */ = {isa = PBXBuildFile; fileRef = A19706322938AD3800D1846A /* tests.cpp */; };
		A1A9F490293A6986009B08FC /* stack.cpp in Sources */ = {isa = PBXBuildFile; fileRef = A15034D12903053200F5A514 /* stack.cpp */; };
/* End PBXBuildFile section */

/* Begin PBXCopyFilesBuildPhase section */
		A15034C5290304AA00F5A514 /* CopyFiles */ = {
			isa = PBXCopyFilesBuildPhase;
			buildActionMask = 2147483647;
			dstPath = /usr/share/man/man1/;
			dstSubfolderSpec = 0;
			files = (
			);
			runOnlyForDeploymentPostprocessing = 1;
		};
		A19706292938AC5C00D1846A /* CopyFiles */ = {
			isa = PBXCopyFilesBuildPhase;
			buildActionMask = 2147483647;
			dstPath = /usr/share/man/man1/;
			dstSubfolderSpec = 0;
			files = (
			);
			runOnlyForDeploymentPostprocessing = 1;
		};
/* End PBXCopyFilesBuildPhase section */

/* Begin PBXFileReference section */
		A15034C7290304AA00F5A514 /* libstack */ = {isa = PBXFileReference; explicitFileType = "compiled.mach-o.executable"; includeInIndex = 0; path = libstack; sourceTree = BUILT_PRODUCTS_DIR; };
		A15034CA290304AA00F5A514 /* main.cpp */ = {isa = PBXFileReference; lastKnownFileType = sourcecode.cpp.cpp; path = main.cpp; sourceTree = "<group>"; };
		A15034D12903053200F5A514 /* stack.cpp */ = {isa = PBXFileReference; lastKnownFileType = sourcecode.cpp.cpp; path = stack.cpp; sourceTree = "<group>"; };
		A15034D32903056600F5A514 /* stack.h */ = {isa = PBXFileReference; lastKnownFileType = sourcecode.c.h; path = stack.h; sourceTree = "<group>"; };
		A197062B2938AC5C00D1846A /* stack_unit_test */ = {isa = PBXFileReference; explicitFileType = "compiled.mach-o.executable"; includeInIndex = 0; path = stack_unit_test; sourceTree = BUILT_PRODUCTS_DIR; };
		A197062D2938AC5C00D1846A /* main.cpp */ = {isa = PBXFileReference; lastKnownFileType = sourcecode.cpp.cpp; path = main.cpp; sourceTree = "<group>"; };
		A19706322938AD3800D1846A /* tests.cpp */ = {isa = PBXFileReference; lastKnownFileType = sourcecode.cpp.cpp; path = tests.cpp; sourceTree = "<group>"; };
/* End PBXFileReference section */

/* Begin PBXFrameworksBuildPhase section */
		A15034C4290304AA00F5A514 /* Frameworks */ = {
			isa = PBXFrameworksBuildPhase;
			buildActionMask = 2147483647;
			files = (
			);
			runOnlyForDeploymentPostprocessing = 0;
		};
		A19706282938AC5C00D1846A /* Frameworks */ = {
			isa = PBXFrameworksBuildPhase;
			buildActionMask = 2147483647;
			files = (
			);
			runOnlyForDeploymentPostprocessing = 0;
		};
/* End PBXFrameworksBuildPhase section */

/* Begin PBXGroup section */
		A15034BE290304AA00F5A514 = {
			isa = PBXGroup;
			children = (
				A15034C9290304AA00F5A514 /* libstack */,
				A197062C2938AC5C00D1846A /* stack_unit_test */,
				A15034C8290304AA00F5A514 /* Products */,
			);
			sourceTree = "<group>";
		};
		A15034C8290304AA00F5A514 /* Products */ = {
			isa = PBXGroup;
			children = (
				A15034C7290304AA00F5A514 /* libstack */,
				A197062B2938AC5C00D1846A /* stack_unit_test */,
			);
			name = Products;
			sourceTree = "<group>";
		};
		A15034C9290304AA00F5A514 /* libstack */ = {
			isa = PBXGroup;
			children = (
				A15034CA290304AA00F5A514 /* main.cpp */,
				A15034D12903053200F5A514 /* stack.cpp */,
				A15034D32903056600F5A514 /* stack.h */,
			);
			path = libstack;
			sourceTree = "<group>";
		};
		A197062C2938AC5C00D1846A /* stack_unit_test */ = {
			isa = PBXGroup;
			children = (
				A197062D2938AC5C00D1846A /* main.cpp */,
				A19706322938AD3800D1846A /* tests.cpp */,
			);
			path = stack_unit_test;
			sourceTree = "<group>";
		};
/* End PBXGroup section */

/* Begin PBXNativeTarget section */
		A15034C6290304AA00F5A514 /* libstack */ = {
			isa = PBXNativeTarget;
			buildConfigurationList = A15034CE290304AA00F5A514 /* Build configuration list for PBXNativeTarget "libstack" */;
			buildPhases = (
				A15034C3290304AA00F5A514 /* Sources */,
				A15034C4290304AA00F5A514 /* Frameworks */,
				A15034C5290304AA00F5A514 /* CopyFiles */,
			);
			buildRules = (
			);
			dependencies = (
			);
			name = libstack;
			productName = "CPP study";
			productReference = A15034C7290304AA00F5A514 /* libstack */;
			productType = "com.apple.product-type.tool";
		};
		A197062A2938AC5C00D1846A /* stack_unit_test */ = {
			isa = PBXNativeTarget;
			buildConfigurationList = A197062F2938AC5C00D1846A /* Build configuration list for PBXNativeTarget "stack_unit_test" */;
			buildPhases = (
				A19706272938AC5C00D1846A /* Sources */,
				A19706282938AC5C00D1846A /* Frameworks */,
				A19706292938AC5C00D1846A /* CopyFiles */,
			);
			buildRules = (
			);
			dependencies = (
			);
			name = stack_unit_test;
			productName = stack_unit_test;
			productReference = A197062B2938AC5C00D1846A /* stack_unit_test */;
			productType = "com.apple.product-type.tool";
		};
/* End PBXNativeTarget section */

/* Begin PBXProject section */
		A15034BF290304AA00F5A514 /* Project object */ = {
			isa = PBXProject;
			attributes = {
				BuildIndependentTargetsInParallel = 1;
				LastUpgradeCheck = 1410;
				TargetAttributes = {
					A15034C6290304AA00F5A514 = {
						CreatedOnToolsVersion = 14.0.1;
					};
					A197062A2938AC5C00D1846A = {
						CreatedOnToolsVersion = 14.1;
					};
				};
			};
			buildConfigurationList = A15034C2290304AA00F5A514 /* Build configuration list for PBXProject "CPP study" */;
			compatibilityVersion = "Xcode 14.0";
			developmentRegion = en;
			hasScannedForEncodings = 0;
			knownRegions = (
				en,
				Base,
			);
			mainGroup = A15034BE290304AA00F5A514;
			productRefGroup = A15034C8290304AA00F5A514 /* Products */;
			projectDirPath = "";
			projectRoot = "";
			targets = (
				A15034C6290304AA00F5A514 /* libstack */,
				A197062A2938AC5C00D1846A /* stack_unit_test */,
			);
		};
/* End PBXProject section */

/* Begin PBXSourcesBuildPhase section */
		A15034C3290304AA00F5A514 /* Sources */ = {
			isa = PBXSourcesBuildPhase;
			buildActionMask = 2147483647;
			files = (
				A15034D22903053200F5A514 /* stack.cpp in Sources */,
				A15034CB290304AA00F5A514 /* main.cpp in Sources */,
			);
			runOnlyForDeploymentPostprocessing = 0;
		};
		A19706272938AC5C00D1846A /* Sources */ = {
			isa = PBXSourcesBuildPhase;
			buildActionMask = 2147483647;
			files = (
				A1A9F490293A6986009B08FC /* stack.cpp in Sources */,
				A197062E2938AC5C00D1846A /* main.cpp in Sources */,
				A19706332938AD3800D1846A /* tests.cpp in Sources */,
			);
			runOnlyForDeploymentPostprocessing = 0;
		};
/* End PBXSourcesBuildPhase section */

/* Begin XCBuildConfiguration section */
		A15034CC290304AA00F5A514 /* Debug */ = {
			isa = XCBuildConfiguration;
			buildSettings = {
				ALWAYS_SEARCH_USER_PATHS = NO;
				CLANG_ANALYZER_NONNULL = YES;
				CLANG_ANALYZER_NUMBER_OBJECT_CONVERSION = YES_AGGRESSIVE;
				CLANG_CXX_LANGUAGE_STANDARD = "c++17";
				CLANG_ENABLE_MODULES = YES;
				CLANG_ENABLE_OBJC_ARC = YES;
				CLANG_ENABLE_OBJC_WEAK = YES;
				CLANG_WARN_BLOCK_CAPTURE_AUTORELEASING = YES;
				CLANG_WARN_BOOL_CONVERSION = YES;
				CLANG_WARN_COMMA = YES;
				CLANG_WARN_CONSTANT_CONVERSION = YES;
				CLANG_WARN_DEPRECATED_OBJC_IMPLEMENTATIONS = YES;
				CLANG_WARN_DIRECT_OBJC_ISA_USAGE = YES_ERROR;
				CLANG_WARN_DOCUMENTATION_COMMENTS = YES;
				CLANG_WARN_EMPTY_BODY = YES;
				CLANG_WARN_ENUM_CONVERSION = YES;
				CLANG_WARN_INFINITE_RECURSION = YES;
				CLANG_WARN_INT_CONVERSION = YES;
				CLANG_WARN_NON_LITERAL_NULL_CONVERSION = YES;
				CLANG_WARN_OBJC_IMPLICIT_RETAIN_SELF = YES;
				CLANG_WARN_OBJC_LITERAL_CONVERSION = YES;
				CLANG_WARN_OBJC_ROOT_CLASS = YES_ERROR;
				CLANG_WARN_QUOTED_INCLUDE_IN_FRAMEWORK_HEADER = YES;
				CLANG_WARN_RANGE_LOOP_ANALYSIS = YES;
				CLANG_WARN_STRICT_PROTOTYPES = YES;
				CLANG_WARN_SUSPICIOUS_MOVE = YES;
				CLANG_WARN_UNGUARDED_AVAILABILITY = YES_AGGRESSIVE;
				CLANG_WARN_UNREACHABLE_CODE = YES;
				CLANG_WARN__DUPLICATE_METHOD_MATCH = YES;
				COPY_PHASE_STRIP = NO;
				DEAD_CODE_STRIPPING = YES;
				DEBUG_INFORMATION_FORMAT = dwarf;
				ENABLE_STRICT_OBJC_MSGSEND = YES;
				ENABLE_TESTABILITY = YES;
				GCC_C_LANGUAGE_STANDARD = gnu11;
				GCC_DYNAMIC_NO_PIC = NO;
				GCC_NO_COMMON_BLOCKS = YES;
				GCC_OPTIMIZATION_LEVEL = 0;
				GCC_PREPROCESSOR_DEFINITIONS = (
					"DEBUG=1",
					"$(inherited)",
				);
				GCC_WARN_64_TO_32_BIT_CONVERSION = YES;
				GCC_WARN_ABOUT_RETURN_TYPE = YES_ERROR;
				GCC_WARN_UNDECLARED_SELECTOR = YES;
				GCC_WARN_UNINITIALIZED_AUTOS = YES_AGGRESSIVE;
				GCC_WARN_UNUSED_FUNCTION = YES;
				GCC_WARN_UNUSED_VARIABLE = YES;
				MACOSX_DEPLOYMENT_TARGET = 12.3;
				MTL_ENABLE_DEBUG_INFO = INCLUDE_SOURCE;
				MTL_FAST_MATH = YES;
				ONLY_ACTIVE_ARCH = YES;
				SDKROOT = macosx;
			};
			name = Debug;
		};
		A15034CD290304AA00F5A514 /* Release */ = {
			isa = XCBuildConfiguration;
			buildSettings = {
				ALWAYS_SEARCH_USER_PATHS = NO;
				CLANG_ANALYZER_NONNULL = YES;
				CLANG_ANALYZER_NUMBER_OBJECT_CONVERSION = YES_AGGRESSIVE;
				CLANG_CXX_LANGUAGE_STANDARD = "c++17";
				CLANG_ENABLE_MODULES = YES;
				CLANG_ENABLE_OBJC_ARC = YES;
				CLANG_ENABLE_OBJC_WEAK = YES;
				CLANG_WARN_BLOCK_CAPTURE_AUTORELEASING = YES;
				CLANG_WARN_BOOL_CONVERSION = YES;
				CLANG_WARN_COMMA = YES;
				CLANG_WARN_CONSTANT_CONVERSION = YES;
				CLANG_WARN_DEPRECATED_OBJC_IMPLEMENTATIONS = YES;
				CLANG_WARN_DIRECT_OBJC_ISA_USAGE = YES_ERROR;
				CLANG_WARN_DOCUMENTATION_COMMENTS = YES;
				CLANG_WARN_EMPTY_BODY = YES;
				CLANG_WARN_ENUM_CONVERSION = YES;
				CLANG_WARN_INFINITE_RECURSION = YES;
				CLANG_WARN_INT_CONVERSION = YES;
				CLANG_WARN_NON_LITERAL_NULL_CONVERSION = YES;
				CLANG_WARN_OBJC_IMPLICIT_RETAIN_SELF = YES;
				CLANG_WARN_OBJC_LITERAL_CONVERSION = YES;
				CLANG_WARN_OBJC_ROOT_CLASS = YES_ERROR;
				CLANG_WARN_QUOTED_INCLUDE_IN_FRAMEWORK_HEADER = YES;
				CLANG_WARN_RANGE_LOOP_ANALYSIS = YES;
				CLANG_WARN_STRICT_PROTOTYPES = YES;
				CLANG_WARN_SUSPICIOUS_MOVE = YES;
				CLANG_WARN_UNGUARDED_AVAILABILITY = YES_AGGRESSIVE;
				CLANG_WARN_UNREACHABLE_CODE = YES;
				CLANG_WARN__DUPLICATE_METHOD_MATCH = YES;
				COPY_PHASE_STRIP = NO;
				DEAD_CODE_STRIPPING = YES;
				DEBUG_INFORMATION_FORMAT = "dwarf-with-dsym";
				ENABLE_NS_ASSERTIONS = NO;
				ENABLE_STRICT_OBJC_MSGSEND = YES;
				GCC_C_LANGUAGE_STANDARD = gnu11;
				GCC_NO_COMMON_BLOCKS = YES;
				GCC_WARN_64_TO_32_BIT_CONVERSION = YES;
				GCC_WARN_ABOUT_RETURN_TYPE = YES_ERROR;
				GCC_WARN_UNDECLARED_SELECTOR = YES;
				GCC_WARN_UNINITIALIZED_AUTOS = YES_AGGRESSIVE;
				GCC_WARN_UNUSED_FUNCTION = YES;
				GCC_WARN_UNUSED_VARIABLE = YES;
				MACOSX_DEPLOYMENT_TARGET = 12.3;
				MTL_ENABLE_DEBUG_INFO = NO;
				MTL_FAST_MATH = YES;
				SDKROOT = macosx;
			};
			name = Release;
		};
		A15034CF290304AA00F5A514 /* Debug */ = {
			isa = XCBuildConfiguration;
			buildSettings = {
				CODE_SIGN_IDENTITY = "-";
				CODE_SIGN_STYLE = Automatic;
				DEAD_CODE_STRIPPING = YES;
				"HEADER_SEARCH_PATHS[arch=*]" = "/usr/local/include/**";
				PRODUCT_NAME = "$(TARGET_NAME)";
			};
			name = Debug;
		};
		A15034D0290304AA00F5A514 /* Release */ = {
			isa = XCBuildConfiguration;
			buildSettings = {
				CODE_SIGN_IDENTITY = "-";
				CODE_SIGN_STYLE = Automatic;
				DEAD_CODE_STRIPPING = YES;
				PRODUCT_NAME = "$(TARGET_NAME)";
			};
			name = Release;
		};
		A19706302938AC5C00D1846A /* Debug */ = {
			isa = XCBuildConfiguration;
			buildSettings = {
				CLANG_CXX_LANGUAGE_STANDARD = "gnu++20";
				CODE_SIGN_STYLE = Automatic;
				"HEADER_SEARCH_PATHS[arch=*]" = "/usr/local/include/**";
				"LIBRARY_SEARCH_PATHS[arch=*]" = "/usr/local/lib/**";
				MACOSX_DEPLOYMENT_TARGET = 12.6;
				"OTHER_LDFLAGS[arch=*]" = (
					"-l",
					gtest,
				);
				PRODUCT_NAME = "$(TARGET_NAME)";
			};
			name = Debug;
		};
		A19706312938AC5C00D1846A /* Release */ = {
			isa = XCBuildConfiguration;
			buildSettings = {
				CLANG_CXX_LANGUAGE_STANDARD = "gnu++20";
				CODE_SIGN_STYLE = Automatic;
				MACOSX_DEPLOYMENT_TARGET = 12.6;
				PRODUCT_NAME = "$(TARGET_NAME)";
			};
			name = Release;
		};
/* End XCBuildConfiguration section */

/* Begin XCConfigurationList section */
		A15034C2290304AA00F5A514 /* Build configuration list for PBXProject "CPP study" */ = {
			isa = XCConfigurationList;
			buildConfigurations = (
				A15034CC290304AA00F5A514 /* Debug */,
				A15034CD290304AA00F5A514 /* Release */,
			);
			defaultConfigurationIsVisible = 0;
			defaultConfigurationName = Release;
		};
		A15034CE290304AA00F5A514 /* Build configuration list for PBXNativeTarget "libstack" */ = {
			isa = XCConfigurationList;
			buildConfigurations = (
				A15034CF290304AA00F5A514 /* Debug */,
				A15034D0290304AA00F5A514 /* Release */,
			);
			defaultConfigurationIsVisible = 0;
			defaultConfigurationName = Release;
		};
		A197062F2938AC5C00D1846A /* Build configuration list for PBXNativeTarget "stack_unit_test" */ = {
			isa = XCConfigurationList;
			buildConfigurations = (
				A19706302938AC5C00D1846A /* Debug */,
				A19706312938AC5C00D1846A /* Release */,
			);
			defaultConfigurationIsVisible = 0;
			defaultConfigurationName = Release;
		};
/* End XCConfigurationList section */
	};
	rootObject = A15034BF290304AA00F5A514 /* Project object */;
}
